// !$*UTF8*$!
{
	archiveVersion = 1;
	classes = {
	};
	objectVersion = 55;
	objects = {

/* Begin PBXBuildFile section */
		0AF16A472B0951F600FA909C /* DiscoverResponse.swift in Sources */ = {isa = PBXBuildFile; fileRef = 0AF16A462B0951F600FA909C /* DiscoverResponse.swift */; };
		0AF16A492B0961F900FA909C /* Data+Extension.swift in Sources */ = {isa = PBXBuildFile; fileRef = 0AF16A482B0961F900FA909C /* Data+Extension.swift */; };
		0AF16A512B096A2300FA909C /* SDWebImage in Frameworks */ = {isa = PBXBuildFile; productRef = 0AF16A502B096A2300FA909C /* SDWebImage */; };
		0AF16A532B096A2300FA909C /* SDWebImageMapKit in Frameworks */ = {isa = PBXBuildFile; productRef = 0AF16A522B096A2300FA909C /* SDWebImageMapKit */; };
		0AF16A622B0A142200FA909C /* UIApplication+Extension.swift in Sources */ = {isa = PBXBuildFile; fileRef = 0AF16A612B0A142200FA909C /* UIApplication+Extension.swift */; };
		0AF16A642B0A161500FA909C /* HeaderViewCell.swift in Sources */ = {isa = PBXBuildFile; fileRef = 0AF16A632B0A161500FA909C /* HeaderViewCell.swift */; };
		0AF16A6A2B0A235900FA909C /* Genre.swift in Sources */ = {isa = PBXBuildFile; fileRef = 0AF16A692B0A235900FA909C /* Genre.swift */; };
		0AF16A6C2B0A249400FA909C /* Movie.swift in Sources */ = {isa = PBXBuildFile; fileRef = 0AF16A6B2B0A249400FA909C /* Movie.swift */; };
		0AF16A702B0A323700FA909C /* MovieCollectionViewCell.swift in Sources */ = {isa = PBXBuildFile; fileRef = 0AF16A6F2B0A323700FA909C /* MovieCollectionViewCell.swift */; };
		0AF16A722B0A34A300FA909C /* README.md in Resources */ = {isa = PBXBuildFile; fileRef = 0AF16A712B0A34A300FA909C /* README.md */; };
		0AF1F2C72B08D19300B3FFD3 /* AppDelegate.swift in Sources */ = {isa = PBXBuildFile; fileRef = 0AF1F2C62B08D19300B3FFD3 /* AppDelegate.swift */; };
		0AF1F2C92B08D19300B3FFD3 /* SceneDelegate.swift in Sources */ = {isa = PBXBuildFile; fileRef = 0AF1F2C82B08D19300B3FFD3 /* SceneDelegate.swift */; };
		0AF1F2D02B08D19500B3FFD3 /* Assets.xcassets in Resources */ = {isa = PBXBuildFile; fileRef = 0AF1F2CF2B08D19500B3FFD3 /* Assets.xcassets */; };
		0AF1F2D32B08D19500B3FFD3 /* LaunchScreen.storyboard in Resources */ = {isa = PBXBuildFile; fileRef = 0AF1F2D12B08D19500B3FFD3 /* LaunchScreen.storyboard */; };
		0AF1F2E12B08D73100B3FFD3 /* MoviesConfigurator.swift in Sources */ = {isa = PBXBuildFile; fileRef = 0AF1F2E02B08D73100B3FFD3 /* MoviesConfigurator.swift */; };
		0AF1F2E32B08D74100B3FFD3 /* MoviesDataSource.swift in Sources */ = {isa = PBXBuildFile; fileRef = 0AF1F2E22B08D74100B3FFD3 /* MoviesDataSource.swift */; };
		0AF1F2E52B08D74D00B3FFD3 /* MoviesInteractor.swift in Sources */ = {isa = PBXBuildFile; fileRef = 0AF1F2E42B08D74D00B3FFD3 /* MoviesInteractor.swift */; };
		0AF1F2E72B08D75800B3FFD3 /* MoviesProtocols.swift in Sources */ = {isa = PBXBuildFile; fileRef = 0AF1F2E62B08D75800B3FFD3 /* MoviesProtocols.swift */; };
		0AF1F2E92B08D76400B3FFD3 /* MoviesPresenter.swift in Sources */ = {isa = PBXBuildFile; fileRef = 0AF1F2E82B08D76400B3FFD3 /* MoviesPresenter.swift */; };
		0AF1F2EB2B08D77000B3FFD3 /* MoviesRouter.swift in Sources */ = {isa = PBXBuildFile; fileRef = 0AF1F2EA2B08D77000B3FFD3 /* MoviesRouter.swift */; };
		0AF1F2ED2B08D77D00B3FFD3 /* MoviesViewController.swift in Sources */ = {isa = PBXBuildFile; fileRef = 0AF1F2EC2B08D77D00B3FFD3 /* MoviesViewController.swift */; };
		0AF1F2EF2B08D78800B3FFD3 /* MoviesWorker.swift in Sources */ = {isa = PBXBuildFile; fileRef = 0AF1F2EE2B08D78800B3FFD3 /* MoviesWorker.swift */; };
		0AF1F2F22B08E56C00B3FFD3 /* Endpoint.swift in Sources */ = {isa = PBXBuildFile; fileRef = 0AF1F2F12B08E56C00B3FFD3 /* Endpoint.swift */; };
		0AF1F2F42B08E58A00B3FFD3 /* GenreEndpoint.swift in Sources */ = {isa = PBXBuildFile; fileRef = 0AF1F2F32B08E58A00B3FFD3 /* GenreEndpoint.swift */; };
		0AF1F2F92B08E5DE00B3FFD3 /* NetworkManager.swift in Sources */ = {isa = PBXBuildFile; fileRef = 0AF1F2F82B08E5DE00B3FFD3 /* NetworkManager.swift */; };
		0AF1F2FB2B08E60600B3FFD3 /* CustomError.swift in Sources */ = {isa = PBXBuildFile; fileRef = 0AF1F2FA2B08E60600B3FFD3 /* CustomError.swift */; };
		0AF1F2FE2B08E62E00B3FFD3 /* Constants.swift in Sources */ = {isa = PBXBuildFile; fileRef = 0AF1F2FD2B08E62E00B3FFD3 /* Constants.swift */; };
		0AF1F3042B08E7C900B3FFD3 /* UIImageView+Extension.swift in Sources */ = {isa = PBXBuildFile; fileRef = 0AF1F3032B08E7C900B3FFD3 /* UIImageView+Extension.swift */; };
		0AF1F3072B08E9AE00B3FFD3 /* Kingfisher in Frameworks */ = {isa = PBXBuildFile; productRef = 0AF1F3062B08E9AE00B3FFD3 /* Kingfisher */; };
		0AFB31662B08F9CF00B79755 /* BaseHelper.swift in Sources */ = {isa = PBXBuildFile; fileRef = 0AFB31652B08F9CF00B79755 /* BaseHelper.swift */; };
		0AFB31682B08FD7300B79755 /* AppContext.swift in Sources */ = {isa = PBXBuildFile; fileRef = 0AFB31672B08FD7300B79755 /* AppContext.swift */; };
		0AFB31712B0919FD00B79755 /* GenresTableViewCell.swift in Sources */ = {isa = PBXBuildFile; fileRef = 0AFB31702B0919FD00B79755 /* GenresTableViewCell.swift */; };
		0AFB31742B091F8100B79755 /* HeaderView.swift in Sources */ = {isa = PBXBuildFile; fileRef = 0AFB31732B091F8100B79755 /* HeaderView.swift */; };
		0AFB31772B092AC600B79755 /* GenresResponse.swift in Sources */ = {isa = PBXBuildFile; fileRef = 0AFB31762B092AC600B79755 /* GenresResponse.swift */; };
		0AFB31792B092C8B00B79755 /* DiscoverEndpoint.swift in Sources */ = {isa = PBXBuildFile; fileRef = 0AFB31782B092C8B00B79755 /* DiscoverEndpoint.swift */; };
		0AFB317B2B092FA300B79755 /* URLRequest+Extension.swift in Sources */ = {isa = PBXBuildFile; fileRef = 0AFB317A2B092FA300B79755 /* URLRequest+Extension.swift */; };
/* End PBXBuildFile section */

/* Begin PBXFileReference section */
		0AF16A462B0951F600FA909C /* DiscoverResponse.swift */ = {isa = PBXFileReference; lastKnownFileType = sourcecode.swift; path = DiscoverResponse.swift; sourceTree = "<group>"; };
		0AF16A482B0961F900FA909C /* Data+Extension.swift */ = {isa = PBXFileReference; lastKnownFileType = sourcecode.swift; path = "Data+Extension.swift"; sourceTree = "<group>"; };
		0AF16A612B0A142200FA909C /* UIApplication+Extension.swift */ = {isa = PBXFileReference; lastKnownFileType = sourcecode.swift; path = "UIApplication+Extension.swift"; sourceTree = "<group>"; };
		0AF16A632B0A161500FA909C /* HeaderViewCell.swift */ = {isa = PBXFileReference; lastKnownFileType = sourcecode.swift; path = HeaderViewCell.swift; sourceTree = "<group>"; };
		0AF16A692B0A235900FA909C /* Genre.swift */ = {isa = PBXFileReference; lastKnownFileType = sourcecode.swift; path = Genre.swift; sourceTree = "<group>"; };
		0AF16A6B2B0A249400FA909C /* Movie.swift */ = {isa = PBXFileReference; lastKnownFileType = sourcecode.swift; path = Movie.swift; sourceTree = "<group>"; };
		0AF16A6F2B0A323700FA909C /* MovieCollectionViewCell.swift */ = {isa = PBXFileReference; fileEncoding = 4; lastKnownFileType = sourcecode.swift; path = MovieCollectionViewCell.swift; sourceTree = "<group>"; };
		0AF16A712B0A34A300FA909C /* README.md */ = {isa = PBXFileReference; lastKnownFileType = net.daringfireball.markdown; path = README.md; sourceTree = "<group>"; };
		0AF1F2C32B08D19300B3FFD3 /* BeinconnectCleanSwift.app */ = {isa = PBXFileReference; explicitFileType = wrapper.application; includeInIndex = 0; path = BeinconnectCleanSwift.app; sourceTree = BUILT_PRODUCTS_DIR; };
		0AF1F2C62B08D19300B3FFD3 /* AppDelegate.swift */ = {isa = PBXFileReference; lastKnownFileType = sourcecode.swift; path = AppDelegate.swift; sourceTree = "<group>"; };
		0AF1F2C82B08D19300B3FFD3 /* SceneDelegate.swift */ = {isa = PBXFileReference; lastKnownFileType = sourcecode.swift; path = SceneDelegate.swift; sourceTree = "<group>"; };
		0AF1F2CF2B08D19500B3FFD3 /* Assets.xcassets */ = {isa = PBXFileReference; lastKnownFileType = folder.assetcatalog; path = Assets.xcassets; sourceTree = "<group>"; };
		0AF1F2D22B08D19500B3FFD3 /* Base */ = {isa = PBXFileReference; lastKnownFileType = file.storyboard; name = Base; path = Base.lproj/LaunchScreen.storyboard; sourceTree = "<group>"; };
		0AF1F2D42B08D19500B3FFD3 /* Info.plist */ = {isa = PBXFileReference; lastKnownFileType = text.plist.xml; path = Info.plist; sourceTree = "<group>"; };
		0AF1F2E02B08D73100B3FFD3 /* MoviesConfigurator.swift */ = {isa = PBXFileReference; lastKnownFileType = sourcecode.swift; path = MoviesConfigurator.swift; sourceTree = "<group>"; };
		0AF1F2E22B08D74100B3FFD3 /* MoviesDataSource.swift */ = {isa = PBXFileReference; lastKnownFileType = sourcecode.swift; path = MoviesDataSource.swift; sourceTree = "<group>"; };
		0AF1F2E42B08D74D00B3FFD3 /* MoviesInteractor.swift */ = {isa = PBXFileReference; lastKnownFileType = sourcecode.swift; path = MoviesInteractor.swift; sourceTree = "<group>"; };
		0AF1F2E62B08D75800B3FFD3 /* MoviesProtocols.swift */ = {isa = PBXFileReference; lastKnownFileType = sourcecode.swift; path = MoviesProtocols.swift; sourceTree = "<group>"; };
		0AF1F2E82B08D76400B3FFD3 /* MoviesPresenter.swift */ = {isa = PBXFileReference; lastKnownFileType = sourcecode.swift; path = MoviesPresenter.swift; sourceTree = "<group>"; };
		0AF1F2EA2B08D77000B3FFD3 /* MoviesRouter.swift */ = {isa = PBXFileReference; lastKnownFileType = sourcecode.swift; path = MoviesRouter.swift; sourceTree = "<group>"; };
		0AF1F2EC2B08D77D00B3FFD3 /* MoviesViewController.swift */ = {isa = PBXFileReference; lastKnownFileType = sourcecode.swift; path = MoviesViewController.swift; sourceTree = "<group>"; };
		0AF1F2EE2B08D78800B3FFD3 /* MoviesWorker.swift */ = {isa = PBXFileReference; lastKnownFileType = sourcecode.swift; path = MoviesWorker.swift; sourceTree = "<group>"; };
		0AF1F2F12B08E56C00B3FFD3 /* Endpoint.swift */ = {isa = PBXFileReference; lastKnownFileType = sourcecode.swift; path = Endpoint.swift; sourceTree = "<group>"; };
		0AF1F2F32B08E58A00B3FFD3 /* GenreEndpoint.swift */ = {isa = PBXFileReference; lastKnownFileType = sourcecode.swift; path = GenreEndpoint.swift; sourceTree = "<group>"; };
		0AF1F2F82B08E5DE00B3FFD3 /* NetworkManager.swift */ = {isa = PBXFileReference; lastKnownFileType = sourcecode.swift; path = NetworkManager.swift; sourceTree = "<group>"; };
		0AF1F2FA2B08E60600B3FFD3 /* CustomError.swift */ = {isa = PBXFileReference; lastKnownFileType = sourcecode.swift; path = CustomError.swift; sourceTree = "<group>"; };
		0AF1F2FD2B08E62E00B3FFD3 /* Constants.swift */ = {isa = PBXFileReference; lastKnownFileType = sourcecode.swift; path = Constants.swift; sourceTree = "<group>"; };
		0AF1F3032B08E7C900B3FFD3 /* UIImageView+Extension.swift */ = {isa = PBXFileReference; lastKnownFileType = sourcecode.swift; path = "UIImageView+Extension.swift"; sourceTree = "<group>"; };
		0AFB31652B08F9CF00B79755 /* BaseHelper.swift */ = {isa = PBXFileReference; lastKnownFileType = sourcecode.swift; path = BaseHelper.swift; sourceTree = "<group>"; };
		0AFB31672B08FD7300B79755 /* AppContext.swift */ = {isa = PBXFileReference; lastKnownFileType = sourcecode.swift; path = AppContext.swift; sourceTree = "<group>"; };
		0AFB31702B0919FD00B79755 /* GenresTableViewCell.swift */ = {isa = PBXFileReference; lastKnownFileType = sourcecode.swift; path = GenresTableViewCell.swift; sourceTree = "<group>"; };
		0AFB31732B091F8100B79755 /* HeaderView.swift */ = {isa = PBXFileReference; lastKnownFileType = sourcecode.swift; path = HeaderView.swift; sourceTree = "<group>"; };
		0AFB31762B092AC600B79755 /* GenresResponse.swift */ = {isa = PBXFileReference; lastKnownFileType = sourcecode.swift; path = GenresResponse.swift; sourceTree = "<group>"; };
		0AFB31782B092C8B00B79755 /* DiscoverEndpoint.swift */ = {isa = PBXFileReference; lastKnownFileType = sourcecode.swift; path = DiscoverEndpoint.swift; sourceTree = "<group>"; };
		0AFB317A2B092FA300B79755 /* URLRequest+Extension.swift */ = {isa = PBXFileReference; lastKnownFileType = sourcecode.swift; path = "URLRequest+Extension.swift"; sourceTree = "<group>"; };
/* End PBXFileReference section */

/* Begin PBXFrameworksBuildPhase section */
		0AF1F2C02B08D19300B3FFD3 /* Frameworks */ = {
			isa = PBXFrameworksBuildPhase;
			buildActionMask = 2147483647;
			files = (
				0AF1F3072B08E9AE00B3FFD3 /* Kingfisher in Frameworks */,
				0AF16A532B096A2300FA909C /* SDWebImageMapKit in Frameworks */,
				0AF16A512B096A2300FA909C /* SDWebImage in Frameworks */,
			);
			runOnlyForDeploymentPostprocessing = 0;
		};
/* End PBXFrameworksBuildPhase section */

/* Begin PBXGroup section */
		0AF16A682B0A1EF400FA909C /* Movie */ = {
			isa = PBXGroup;
			children = (
				0AFB31762B092AC600B79755 /* GenresResponse.swift */,
				0AF16A462B0951F600FA909C /* DiscoverResponse.swift */,
				0AF16A692B0A235900FA909C /* Genre.swift */,
				0AF16A6B2B0A249400FA909C /* Movie.swift */,
			);
			path = Movie;
			sourceTree = "<group>";
		};
		0AF1F2BA2B08D19300B3FFD3 = {
			isa = PBXGroup;
			children = (
				0AF1F2C52B08D19300B3FFD3 /* BeinconnectCleanSwift */,
				0AF1F2C42B08D19300B3FFD3 /* Products */,
			);
			sourceTree = "<group>";
		};
		0AF1F2C42B08D19300B3FFD3 /* Products */ = {
			isa = PBXGroup;
			children = (
				0AF1F2C32B08D19300B3FFD3 /* BeinconnectCleanSwift.app */,
			);
			name = Products;
			sourceTree = "<group>";
		};
		0AF1F2C52B08D19300B3FFD3 /* BeinconnectCleanSwift */ = {
			isa = PBXGroup;
			children = (
				0AFB317C2B09351000B79755 /* Network */,
				0AF1F30A2B08F13E00B3FFD3 /* Base */,
				0AF1F3022B08E7AB00B3FFD3 /* Extension */,
				0AF1F2FC2B08E62600B3FFD3 /* Constants */,
				0AF1F2DF2B08D70900B3FFD3 /* AppDelegate */,
				0AF1F2DE2B08D67100B3FFD3 /* Resources */,
				0AF1F2DD2B08D66000B3FFD3 /* Model */,
				0AF1F2DA2B08D1AF00B3FFD3 /* Scene */,
				0AF16A712B0A34A300FA909C /* README.md */,
			);
			path = BeinconnectCleanSwift;
			sourceTree = "<group>";
		};
		0AF1F2DA2B08D1AF00B3FFD3 /* Scene */ = {
			isa = PBXGroup;
			children = (
				0AF1F2DB2B08D1B800B3FFD3 /* MovieList */,
			);
			path = Scene;
			sourceTree = "<group>";
		};
		0AF1F2DB2B08D1B800B3FFD3 /* MovieList */ = {
			isa = PBXGroup;
			children = (
				0AFB31722B091F6000B79755 /* Header */,
				0AF1F2FF2B08E76A00B3FFD3 /* Cell */,
				0AF1F2EC2B08D77D00B3FFD3 /* MoviesViewController.swift */,
				0AF1F2E42B08D74D00B3FFD3 /* MoviesInteractor.swift */,
				0AF1F2E82B08D76400B3FFD3 /* MoviesPresenter.swift */,
				0AF1F2EA2B08D77000B3FFD3 /* MoviesRouter.swift */,
				0AF1F2E02B08D73100B3FFD3 /* MoviesConfigurator.swift */,
				0AF1F2E62B08D75800B3FFD3 /* MoviesProtocols.swift */,
				0AF1F2E22B08D74100B3FFD3 /* MoviesDataSource.swift */,
				0AF1F2EE2B08D78800B3FFD3 /* MoviesWorker.swift */,
			);
			path = MovieList;
			sourceTree = "<group>";
		};
		0AF1F2DD2B08D66000B3FFD3 /* Model */ = {
			isa = PBXGroup;
			children = (
				0AFB31752B092AB900B79755 /* Response */,
			);
			path = Model;
			sourceTree = "<group>";
		};
		0AF1F2DE2B08D67100B3FFD3 /* Resources */ = {
			isa = PBXGroup;
			children = (
				0AF1F2D42B08D19500B3FFD3 /* Info.plist */,
				0AF1F2D12B08D19500B3FFD3 /* LaunchScreen.storyboard */,
				0AF1F2CF2B08D19500B3FFD3 /* Assets.xcassets */,
			);
			path = Resources;
			sourceTree = "<group>";
		};
		0AF1F2DF2B08D70900B3FFD3 /* AppDelegate */ = {
			isa = PBXGroup;
			children = (
				0AF1F2C62B08D19300B3FFD3 /* AppDelegate.swift */,
				0AF1F2C82B08D19300B3FFD3 /* SceneDelegate.swift */,
			);
			path = AppDelegate;
			sourceTree = "<group>";
		};
		0AF1F2FC2B08E62600B3FFD3 /* Constants */ = {
			isa = PBXGroup;
			children = (
				0AF1F2FD2B08E62E00B3FFD3 /* Constants.swift */,
			);
			path = Constants;
			sourceTree = "<group>";
		};
		0AF1F2FF2B08E76A00B3FFD3 /* Cell */ = {
			isa = PBXGroup;
			children = (
				0AF16A6F2B0A323700FA909C /* MovieCollectionViewCell.swift */,
				0AFB31702B0919FD00B79755 /* GenresTableViewCell.swift */,
				0AF16A632B0A161500FA909C /* HeaderViewCell.swift */,
			);
			path = Cell;
			sourceTree = "<group>";
		};
		0AF1F3022B08E7AB00B3FFD3 /* Extension */ = {
			isa = PBXGroup;
			children = (
				0AF1F3032B08E7C900B3FFD3 /* UIImageView+Extension.swift */,
				0AFB317A2B092FA300B79755 /* URLRequest+Extension.swift */,
				0AF16A612B0A142200FA909C /* UIApplication+Extension.swift */,
				0AF16A482B0961F900FA909C /* Data+Extension.swift */,
			);
			path = Extension;
			sourceTree = "<group>";
		};
		0AF1F30A2B08F13E00B3FFD3 /* Base */ = {
			isa = PBXGroup;
			children = (
				0AFB31652B08F9CF00B79755 /* BaseHelper.swift */,
				0AFB31672B08FD7300B79755 /* AppContext.swift */,
			);
			path = Base;
			sourceTree = "<group>";
		};
		0AFB31722B091F6000B79755 /* Header */ = {
			isa = PBXGroup;
			children = (
				0AFB31732B091F8100B79755 /* HeaderView.swift */,
			);
			path = Header;
			sourceTree = "<group>";
		};
		0AFB31752B092AB900B79755 /* Response */ = {
			isa = PBXGroup;
			children = (
				0AF16A682B0A1EF400FA909C /* Movie */,
				0AF1F2FA2B08E60600B3FFD3 /* CustomError.swift */,
			);
			path = Response;
			sourceTree = "<group>";
		};
		0AFB317C2B09351000B79755 /* Network */ = {
			isa = PBXGroup;
			children = (
				0AF1F2F12B08E56C00B3FFD3 /* Endpoint.swift */,
				0AF1F2F82B08E5DE00B3FFD3 /* NetworkManager.swift */,
				0AFB317D2B09351900B79755 /* Endpoints */,
			);
			path = Network;
			sourceTree = "<group>";
		};
		0AFB317D2B09351900B79755 /* Endpoints */ = {
			isa = PBXGroup;
			children = (
				0AF1F2F32B08E58A00B3FFD3 /* GenreEndpoint.swift */,
				0AFB31782B092C8B00B79755 /* DiscoverEndpoint.swift */,
			);
			path = Endpoints;
			sourceTree = "<group>";
		};
/* End PBXGroup section */

/* Begin PBXNativeTarget section */
		0AF1F2C22B08D19300B3FFD3 /* BeinconnectCleanSwift */ = {
			isa = PBXNativeTarget;
			buildConfigurationList = 0AF1F2D72B08D19500B3FFD3 /* Build configuration list for PBXNativeTarget "BeinconnectCleanSwift" */;
			buildPhases = (
				0AF1F2BF2B08D19300B3FFD3 /* Sources */,
				0AF1F2C02B08D19300B3FFD3 /* Frameworks */,
				0AF1F2C12B08D19300B3FFD3 /* Resources */,
			);
			buildRules = (
			);
			dependencies = (
			);
			name = BeinconnectCleanSwift;
			packageProductDependencies = (
				0AF1F3062B08E9AE00B3FFD3 /* Kingfisher */,
				0AF16A502B096A2300FA909C /* SDWebImage */,
				0AF16A522B096A2300FA909C /* SDWebImageMapKit */,
			);
			productName = BeinconnectCleanSwift;
			productReference = 0AF1F2C32B08D19300B3FFD3 /* BeinconnectCleanSwift.app */;
			productType = "com.apple.product-type.application";
		};
/* End PBXNativeTarget section */

/* Begin PBXProject section */
		0AF1F2BB2B08D19300B3FFD3 /* Project object */ = {
			isa = PBXProject;
			attributes = {
				BuildIndependentTargetsInParallel = 1;
				LastSwiftUpdateCheck = 1330;
				LastUpgradeCheck = 1330;
				TargetAttributes = {
					0AF1F2C22B08D19300B3FFD3 = {
						CreatedOnToolsVersion = 13.3.1;
					};
				};
			};
			buildConfigurationList = 0AF1F2BE2B08D19300B3FFD3 /* Build configuration list for PBXProject "BeinconnectCleanSwift" */;
			compatibilityVersion = "Xcode 13.0";
			developmentRegion = en;
			hasScannedForEncodings = 0;
			knownRegions = (
				en,
				Base,
			);
			mainGroup = 0AF1F2BA2B08D19300B3FFD3;
			packageReferences = (
				0AF1F3052B08E9AE00B3FFD3 /* XCRemoteSwiftPackageReference "Kingfisher" */,
				0AF16A4F2B096A2300FA909C /* XCRemoteSwiftPackageReference "SDWebImage" */,
			);
			productRefGroup = 0AF1F2C42B08D19300B3FFD3 /* Products */;
			projectDirPath = "";
			projectRoot = "";
			targets = (
				0AF1F2C22B08D19300B3FFD3 /* BeinconnectCleanSwift */,
			);
		};
/* End PBXProject section */

/* Begin PBXResourcesBuildPhase section */
		0AF1F2C12B08D19300B3FFD3 /* Resources */ = {
			isa = PBXResourcesBuildPhase;
			buildActionMask = 2147483647;
			files = (
				0AF16A722B0A34A300FA909C /* README.md in Resources */,
				0AF1F2D32B08D19500B3FFD3 /* LaunchScreen.storyboard in Resources */,
				0AF1F2D02B08D19500B3FFD3 /* Assets.xcassets in Resources */,
			);
			runOnlyForDeploymentPostprocessing = 0;
		};
/* End PBXResourcesBuildPhase section */

/* Begin PBXSourcesBuildPhase section */
		0AF1F2BF2B08D19300B3FFD3 /* Sources */ = {
			isa = PBXSourcesBuildPhase;
			buildActionMask = 2147483647;
			files = (
				0AFB317B2B092FA300B79755 /* URLRequest+Extension.swift in Sources */,
				0AF1F2FE2B08E62E00B3FFD3 /* Constants.swift in Sources */,
				0AF16A622B0A142200FA909C /* UIApplication+Extension.swift in Sources */,
				0AF1F2FB2B08E60600B3FFD3 /* CustomError.swift in Sources */,
				0AF1F2EF2B08D78800B3FFD3 /* MoviesWorker.swift in Sources */,
				0AF1F2E32B08D74100B3FFD3 /* MoviesDataSource.swift in Sources */,
				0AFB31662B08F9CF00B79755 /* BaseHelper.swift in Sources */,
				0AF16A492B0961F900FA909C /* Data+Extension.swift in Sources */,
				0AF1F2ED2B08D77D00B3FFD3 /* MoviesViewController.swift in Sources */,
				0AFB31682B08FD7300B79755 /* AppContext.swift in Sources */,
				0AF16A6A2B0A235900FA909C /* Genre.swift in Sources */,
				0AF16A472B0951F600FA909C /* DiscoverResponse.swift in Sources */,
				0AF16A702B0A323700FA909C /* MovieCollectionViewCell.swift in Sources */,
				0AF1F2F42B08E58A00B3FFD3 /* GenreEndpoint.swift in Sources */,
				0AF16A642B0A161500FA909C /* HeaderViewCell.swift in Sources */,
				0AF16A6C2B0A249400FA909C /* Movie.swift in Sources */,
				0AFB31772B092AC600B79755 /* GenresResponse.swift in Sources */,
				0AF1F2E12B08D73100B3FFD3 /* MoviesConfigurator.swift in Sources */,
				0AF1F2E92B08D76400B3FFD3 /* MoviesPresenter.swift in Sources */,
				0AF1F2E52B08D74D00B3FFD3 /* MoviesInteractor.swift in Sources */,
				0AFB31742B091F8100B79755 /* HeaderView.swift in Sources */,
				0AF1F2C72B08D19300B3FFD3 /* AppDelegate.swift in Sources */,
				0AFB31792B092C8B00B79755 /* DiscoverEndpoint.swift in Sources */,
				0AF1F2EB2B08D77000B3FFD3 /* MoviesRouter.swift in Sources */,
				0AF1F2C92B08D19300B3FFD3 /* SceneDelegate.swift in Sources */,
				0AF1F2F92B08E5DE00B3FFD3 /* NetworkManager.swift in Sources */,
				0AF1F3042B08E7C900B3FFD3 /* UIImageView+Extension.swift in Sources */,
				0AF1F2F22B08E56C00B3FFD3 /* Endpoint.swift in Sources */,
				0AF1F2E72B08D75800B3FFD3 /* MoviesProtocols.swift in Sources */,
				0AFB31712B0919FD00B79755 /* GenresTableViewCell.swift in Sources */,
			);
			runOnlyForDeploymentPostprocessing = 0;
		};
/* End PBXSourcesBuildPhase section */

/* Begin PBXVariantGroup section */
		0AF1F2D12B08D19500B3FFD3 /* LaunchScreen.storyboard */ = {
			isa = PBXVariantGroup;
			children = (
				0AF1F2D22B08D19500B3FFD3 /* Base */,
			);
			name = LaunchScreen.storyboard;
			sourceTree = "<group>";
		};
/* End PBXVariantGroup section */

/* Begin XCBuildConfiguration section */
		0AF1F2D52B08D19500B3FFD3 /* Debug */ = {
			isa = XCBuildConfiguration;
			buildSettings = {
				ALWAYS_SEARCH_USER_PATHS = NO;
				CLANG_ANALYZER_NONNULL = YES;
				CLANG_ANALYZER_NUMBER_OBJECT_CONVERSION = YES_AGGRESSIVE;
				CLANG_CXX_LANGUAGE_STANDARD = "gnu++17";
				CLANG_ENABLE_MODULES = YES;
				CLANG_ENABLE_OBJC_ARC = YES;
				CLANG_ENABLE_OBJC_WEAK = YES;
				CLANG_WARN_BLOCK_CAPTURE_AUTORELEASING = YES;
				CLANG_WARN_BOOL_CONVERSION = YES;
				CLANG_WARN_COMMA = YES;
				CLANG_WARN_CONSTANT_CONVERSION = YES;
				CLANG_WARN_DEPRECATED_OBJC_IMPLEMENTATIONS = YES;
				CLANG_WARN_DIRECT_OBJC_ISA_USAGE = YES_ERROR;
				CLANG_WARN_DOCUMENTATION_COMMENTS = YES;
				CLANG_WARN_EMPTY_BODY = YES;
				CLANG_WARN_ENUM_CONVERSION = YES;
				CLANG_WARN_INFINITE_RECURSION = YES;
				CLANG_WARN_INT_CONVERSION = YES;
				CLANG_WARN_NON_LITERAL_NULL_CONVERSION = YES;
				CLANG_WARN_OBJC_IMPLICIT_RETAIN_SELF = YES;
				CLANG_WARN_OBJC_LITERAL_CONVERSION = YES;
				CLANG_WARN_OBJC_ROOT_CLASS = YES_ERROR;
				CLANG_WARN_QUOTED_INCLUDE_IN_FRAMEWORK_HEADER = YES;
				CLANG_WARN_RANGE_LOOP_ANALYSIS = YES;
				CLANG_WARN_STRICT_PROTOTYPES = YES;
				CLANG_WARN_SUSPICIOUS_MOVE = YES;
				CLANG_WARN_UNGUARDED_AVAILABILITY = YES_AGGRESSIVE;
				CLANG_WARN_UNREACHABLE_CODE = YES;
				CLANG_WARN__DUPLICATE_METHOD_MATCH = YES;
				COPY_PHASE_STRIP = NO;
				DEBUG_INFORMATION_FORMAT = dwarf;
				ENABLE_STRICT_OBJC_MSGSEND = YES;
				ENABLE_TESTABILITY = YES;
				GCC_C_LANGUAGE_STANDARD = gnu11;
				GCC_DYNAMIC_NO_PIC = NO;
				GCC_NO_COMMON_BLOCKS = YES;
				GCC_OPTIMIZATION_LEVEL = 0;
				GCC_PREPROCESSOR_DEFINITIONS = (
					"DEBUG=1",
					"$(inherited)",
				);
				GCC_WARN_64_TO_32_BIT_CONVERSION = YES;
				GCC_WARN_ABOUT_RETURN_TYPE = YES_ERROR;
				GCC_WARN_UNDECLARED_SELECTOR = YES;
				GCC_WARN_UNINITIALIZED_AUTOS = YES_AGGRESSIVE;
				GCC_WARN_UNUSED_FUNCTION = YES;
				GCC_WARN_UNUSED_VARIABLE = YES;
				IPHONEOS_DEPLOYMENT_TARGET = 15.4;
				MTL_ENABLE_DEBUG_INFO = INCLUDE_SOURCE;
				MTL_FAST_MATH = YES;
				ONLY_ACTIVE_ARCH = YES;
				SDKROOT = iphoneos;
				SWIFT_ACTIVE_COMPILATION_CONDITIONS = DEBUG;
				SWIFT_OPTIMIZATION_LEVEL = "-Onone";
			};
			name = Debug;
		};
		0AF1F2D62B08D19500B3FFD3 /* Release */ = {
			isa = XCBuildConfiguration;
			buildSettings = {
				ALWAYS_SEARCH_USER_PATHS = NO;
				CLANG_ANALYZER_NONNULL = YES;
				CLANG_ANALYZER_NUMBER_OBJECT_CONVERSION = YES_AGGRESSIVE;
				CLANG_CXX_LANGUAGE_STANDARD = "gnu++17";
				CLANG_ENABLE_MODULES = YES;
				CLANG_ENABLE_OBJC_ARC = YES;
				CLANG_ENABLE_OBJC_WEAK = YES;
				CLANG_WARN_BLOCK_CAPTURE_AUTORELEASING = YES;
				CLANG_WARN_BOOL_CONVERSION = YES;
				CLANG_WARN_COMMA = YES;
				CLANG_WARN_CONSTANT_CONVERSION = YES;
				CLANG_WARN_DEPRECATED_OBJC_IMPLEMENTATIONS = YES;
				CLANG_WARN_DIRECT_OBJC_ISA_USAGE = YES_ERROR;
				CLANG_WARN_DOCUMENTATION_COMMENTS = YES;
				CLANG_WARN_EMPTY_BODY = YES;
				CLANG_WARN_ENUM_CONVERSION = YES;
				CLANG_WARN_INFINITE_RECURSION = YES;
				CLANG_WARN_INT_CONVERSION = YES;
				CLANG_WARN_NON_LITERAL_NULL_CONVERSION = YES;
				CLANG_WARN_OBJC_IMPLICIT_RETAIN_SELF = YES;
				CLANG_WARN_OBJC_LITERAL_CONVERSION = YES;
				CLANG_WARN_OBJC_ROOT_CLASS = YES_ERROR;
				CLANG_WARN_QUOTED_INCLUDE_IN_FRAMEWORK_HEADER = YES;
				CLANG_WARN_RANGE_LOOP_ANALYSIS = YES;
				CLANG_WARN_STRICT_PROTOTYPES = YES;
				CLANG_WARN_SUSPICIOUS_MOVE = YES;
				CLANG_WARN_UNGUARDED_AVAILABILITY = YES_AGGRESSIVE;
				CLANG_WARN_UNREACHABLE_CODE = YES;
				CLANG_WARN__DUPLICATE_METHOD_MATCH = YES;
				COPY_PHASE_STRIP = NO;
				DEBUG_INFORMATION_FORMAT = "dwarf-with-dsym";
				ENABLE_NS_ASSERTIONS = NO;
				ENABLE_STRICT_OBJC_MSGSEND = YES;
				GCC_C_LANGUAGE_STANDARD = gnu11;
				GCC_NO_COMMON_BLOCKS = YES;
				GCC_WARN_64_TO_32_BIT_CONVERSION = YES;
				GCC_WARN_ABOUT_RETURN_TYPE = YES_ERROR;
				GCC_WARN_UNDECLARED_SELECTOR = YES;
				GCC_WARN_UNINITIALIZED_AUTOS = YES_AGGRESSIVE;
				GCC_WARN_UNUSED_FUNCTION = YES;
				GCC_WARN_UNUSED_VARIABLE = YES;
				IPHONEOS_DEPLOYMENT_TARGET = 15.4;
				MTL_ENABLE_DEBUG_INFO = NO;
				MTL_FAST_MATH = YES;
				SDKROOT = iphoneos;
				SWIFT_COMPILATION_MODE = wholemodule;
				SWIFT_OPTIMIZATION_LEVEL = "-O";
				VALIDATE_PRODUCT = YES;
			};
			name = Release;
		};
		0AF1F2D82B08D19500B3FFD3 /* Debug */ = {
			isa = XCBuildConfiguration;
			buildSettings = {
				ASSETCATALOG_COMPILER_APPICON_NAME = AppIcon;
				ASSETCATALOG_COMPILER_GLOBAL_ACCENT_COLOR_NAME = AccentColor;
				CODE_SIGN_STYLE = Manual;
				CURRENT_PROJECT_VERSION = 1;
				DEVELOPMENT_TEAM = "";
				GENERATE_INFOPLIST_FILE = YES;
				INFOPLIST_FILE = BeinconnectCleanSwift/Resources/Info.plist;
				INFOPLIST_KEY_UIApplicationSupportsIndirectInputEvents = YES;
				INFOPLIST_KEY_UILaunchStoryboardName = LaunchScreen;
				INFOPLIST_KEY_UIMainStoryboardFile = LaunchScreen;
				INFOPLIST_KEY_UISupportedInterfaceOrientations_iPad = "UIInterfaceOrientationPortrait UIInterfaceOrientationPortraitUpsideDown UIInterfaceOrientationLandscapeLeft UIInterfaceOrientationLandscapeRight";
				INFOPLIST_KEY_UISupportedInterfaceOrientations_iPhone = "UIInterfaceOrientationPortrait UIInterfaceOrientationLandscapeLeft UIInterfaceOrientationLandscapeRight";
				LD_RUNPATH_SEARCH_PATHS = (
					"$(inherited)",
					"@executable_path/Frameworks",
				);
				MARKETING_VERSION = 1.0;
				PRODUCT_BUNDLE_IDENTIFIER = com.ibrahimdemirci.BeinconnectCleanSwift;
				PRODUCT_NAME = "$(TARGET_NAME)";
				PROVISIONING_PROFILE_SPECIFIER = "";
				SWIFT_EMIT_LOC_STRINGS = YES;
				SWIFT_VERSION = 5.0;
				TARGETED_DEVICE_FAMILY = "1,2";
			};
			name = Debug;
		};
		0AF1F2D92B08D19500B3FFD3 /* Release */ = {
			isa = XCBuildConfiguration;
			buildSettings = {
				ASSETCATALOG_COMPILER_APPICON_NAME = AppIcon;
				ASSETCATALOG_COMPILER_GLOBAL_ACCENT_COLOR_NAME = AccentColor;
				CODE_SIGN_STYLE = Manual;
				CURRENT_PROJECT_VERSION = 1;
				DEVELOPMENT_TEAM = "";
				GENERATE_INFOPLIST_FILE = YES;
				INFOPLIST_FILE = BeinconnectCleanSwift/Resources/Info.plist;
				INFOPLIST_KEY_UIApplicationSupportsIndirectInputEvents = YES;
				INFOPLIST_KEY_UILaunchStoryboardName = LaunchScreen;
				INFOPLIST_KEY_UIMainStoryboardFile = LaunchScreen;
				INFOPLIST_KEY_UISupportedInterfaceOrientations_iPad = "UIInterfaceOrientationPortrait UIInterfaceOrientationPortraitUpsideDown UIInterfaceOrientationLandscapeLeft UIInterfaceOrientationLandscapeRight";
				INFOPLIST_KEY_UISupportedInterfaceOrientations_iPhone = "UIInterfaceOrientationPortrait UIInterfaceOrientationLandscapeLeft UIInterfaceOrientationLandscapeRight";
				LD_RUNPATH_SEARCH_PATHS = (
					"$(inherited)",
					"@executable_path/Frameworks",
				);
				MARKETING_VERSION = 1.0;
				PRODUCT_BUNDLE_IDENTIFIER = com.ibrahimdemirci.BeinconnectCleanSwift;
				PRODUCT_NAME = "$(TARGET_NAME)";
				PROVISIONING_PROFILE_SPECIFIER = "";
				SWIFT_EMIT_LOC_STRINGS = YES;
				SWIFT_VERSION = 5.0;
				TARGETED_DEVICE_FAMILY = "1,2";
			};
			name = Release;
		};
/* End XCBuildConfiguration section */

/* Begin XCConfigurationList section */
		0AF1F2BE2B08D19300B3FFD3 /* Build configuration list for PBXProject "BeinconnectCleanSwift" */ = {
			isa = XCConfigurationList;
			buildConfigurations = (
				0AF1F2D52B08D19500B3FFD3 /* Debug */,
				0AF1F2D62B08D19500B3FFD3 /* Release */,
			);
			defaultConfigurationIsVisible = 0;
			defaultConfigurationName = Release;
		};
		0AF1F2D72B08D19500B3FFD3 /* Build configuration list for PBXNativeTarget "BeinconnectCleanSwift" */ = {
			isa = XCConfigurationList;
			buildConfigurations = (
				0AF1F2D82B08D19500B3FFD3 /* Debug */,
				0AF1F2D92B08D19500B3FFD3 /* Release */,
			);
			defaultConfigurationIsVisible = 0;
			defaultConfigurationName = Release;
		};
/* End XCConfigurationList section */

/* Begin XCRemoteSwiftPackageReference section */
		0AF16A4F2B096A2300FA909C /* XCRemoteSwiftPackageReference "SDWebImage" */ = {
			isa = XCRemoteSwiftPackageReference;
			repositoryURL = "https://github.com/SDWebImage/SDWebImage.git";
			requirement = {
				branch = master;
				kind = branch;
			};
		};
		0AF1F3052B08E9AE00B3FFD3 /* XCRemoteSwiftPackageReference "Kingfisher" */ = {
			isa = XCRemoteSwiftPackageReference;
			repositoryURL = "https://github.com/onevcat/Kingfisher.git";
			requirement = {
				kind = upToNextMajorVersion;
				minimumVersion = 7.0.0;
			};
		};
/* End XCRemoteSwiftPackageReference section */

/* Begin XCSwiftPackageProductDependency section */
		0AF16A502B096A2300FA909C /* SDWebImage */ = {
			isa = XCSwiftPackageProductDependency;
			package = 0AF16A4F2B096A2300FA909C /* XCRemoteSwiftPackageReference "SDWebImage" */;
			productName = SDWebImage;
		};
		0AF16A522B096A2300FA909C /* SDWebImageMapKit */ = {
			isa = XCSwiftPackageProductDependency;
			package = 0AF16A4F2B096A2300FA909C /* XCRemoteSwiftPackageReference "SDWebImage" */;
			productName = SDWebImageMapKit;
		};
		0AF1F3062B08E9AE00B3FFD3 /* Kingfisher */ = {
			isa = XCSwiftPackageProductDependency;
			package = 0AF1F3052B08E9AE00B3FFD3 /* XCRemoteSwiftPackageReference "Kingfisher" */;
			productName = Kingfisher;
		};
/* End XCSwiftPackageProductDependency section */
	};
	rootObject = 0AF1F2BB2B08D19300B3FFD3 /* Project object */;
}
